
Microsoft Visual Studio Solution File, Format Version 12.00
# Visual Studio 14
VisualStudioVersion = 14.0.25420.1
MinimumVisualStudioVersion = 10.0.40219.1
Project("{FAE04EC0-301F-11D3-BF4B-00C04F79EFBC}") = "demoprojMVC.Model", "demoprojMVC.Model\demoprojMVC.Model.csproj", "{217E1002-9348-48CF-9934-E822AFC042CF}"
EndProject
Project("{FAE04EC0-301F-11D3-BF4B-00C04F79EFBC}") = "demoprojMVC.EFDAL", "demoprojMVC.EFDAL\demoprojMVC.EFDAL.csproj", "{97DAFD6E-8D07-49BB-A250-E0049ECD7372}"
EndProject
Project("{FAE04EC0-301F-11D3-BF4B-00C04F79EFBC}") = "demoprojMVC.BLL", "demoproj.BLL\demoprojMVC.BLL.csproj", "{969DD168-9E96-465B-B6F7-4D0ACF697C1C}"
EndProject
Project("{FAE04EC0-301F-11D3-BF4B-00C04F79EFBC}") = "demoproj.UI.Tests", "demoproj.UI.Tests\demoproj.UI.Tests.csproj", "{3B542FA0-8CE6-44A5-A31B-9A09DB2ABD02}"
EndProject
Project("{FAE04EC0-301F-11D3-BF4B-00C04F79EFBC}") = "demoprojMVC.IDAL", "demoprojMVC.IDAL\demoprojMVC.IDAL.csproj", "{278B0959-2867-4250-BA7A-FAF52584E881}"
EndProject
Project("{FAE04EC0-301F-11D3-BF4B-00C04F79EFBC}") = "demoprojMVC.DALFactory", "demoprojMVC.DALFactory\demoprojMVC.DALFactory.csproj", "{044D204F-7F02-4875-9E64-AEC9408013E1}"
EndProject
Project("{2150E333-8FDC-42A3-9474-1A3956D46DE8}") = "DAL", "DAL", "{41111EA5-8F6B-4E7A-873B-A914BE369438}"
EndProject
Project("{2150E333-8FDC-42A3-9474-1A3956D46DE8}") = "BLL", "BLL", "{B756DCF8-46A5-4DC0-ACA0-0E8732DA5E74}"
EndProject
Project("{FAE04EC0-301F-11D3-BF4B-00C04F79EFBC}") = "demoprojMVC.IBLL", "demoprojMVC.IBLL\demoprojMVC.IBLL.csproj", "{D1551F68-2C81-4AE2-B3EE-AC55E68056A1}"
EndProject
Project("{2150E333-8FDC-42A3-9474-1A3956D46DE8}") = "Common", "Common", "{0EF9AAE5-9000-4C63-8A80-0A6CA750279D}"
EndProject
Project("{FAE04EC0-301F-11D3-BF4B-00C04F79EFBC}") = "demoprojMVC.Common", "demoprojMVC.Common\demoprojMVC.Common.csproj", "{6C23E1E7-FC0A-4ED8-9F2E-62F093F87C90}"
EndProject
Project("{2150E333-8FDC-42A3-9474-1A3956D46DE8}") = "Model", "Model", "{8350D0EE-83C4-4A31-A44D-06916AE186D2}"
EndProject
Project("{2150E333-8FDC-42A3-9474-1A3956D46DE8}") = "Tests", "Tests", "{F5942558-7152-44F6-B14A-732F2FB4476B}"
EndProject
Project("{2150E333-8FDC-42A3-9474-1A3956D46DE8}") = "WebUI", "WebUI", "{34277D72-B583-4978-8AF6-34222AE43863}"
EndProject
Project("{2150E333-8FDC-42A3-9474-1A3956D46DE8}") = "Demos", "Demos", "{145E9528-6FF6-4849-A03B-20BE6377C83A}"
EndProject
Project("{FAE04EC0-301F-11D3-BF4B-00C04F79EFBC}") = "SpringDemo", "SpringDemo\SpringDemo.csproj", "{6889A58E-35EF-40CF-BEDC-1F364E958672}"
EndProject
Project("{FAE04EC0-301F-11D3-BF4B-00C04F79EFBC}") = "NinjectDmo", "NinjectDmo\NinjectDmo.csproj", "{209DB726-373E-45A0-ABA7-43D68493E04F}"
EndProject
Project("{FAE04EC0-301F-11D3-BF4B-00C04F79EFBC}") = "demoprojMVC.UI.Portal", "demoprojMVC.UI.Portal\demoprojMVC.UI.Portal.csproj", "{CCF5AAD0-AE0C-4B7B-A1FF-3BE8FFCF1273}"
EndProject
Global
	GlobalSection(SolutionConfigurationPlatforms) = preSolution
		Debug|Any CPU = Debug|Any CPU
		Release|Any CPU = Release|Any CPU
	EndGlobalSection
	GlobalSection(ProjectConfigurationPlatforms) = postSolution
		{217E1002-9348-48CF-9934-E822AFC042CF}.Debug|Any CPU.ActiveCfg = Debug|Any CPU
		{217E1002-9348-48CF-9934-E822AFC042CF}.Debug|Any CPU.Build.0 = Debug|Any CPU
		{217E1002-9348-48CF-9934-E822AFC042CF}.Release|Any CPU.ActiveCfg = Release|Any CPU
		{217E1002-9348-48CF-9934-E822AFC042CF}.Release|Any CPU.Build.0 = Release|Any CPU
		{97DAFD6E-8D07-49BB-A250-E0049ECD7372}.Debug|Any CPU.ActiveCfg = Debug|Any CPU
		{97DAFD6E-8D07-49BB-A250-E0049ECD7372}.Debug|Any CPU.Build.0 = Debug|Any CPU
		{97DAFD6E-8D07-49BB-A250-E0049ECD7372}.Release|Any CPU.ActiveCfg = Release|Any CPU
		{97DAFD6E-8D07-49BB-A250-E0049ECD7372}.Release|Any CPU.Build.0 = Release|Any CPU
		{969DD168-9E96-465B-B6F7-4D0ACF697C1C}.Debug|Any CPU.ActiveCfg = Debug|Any CPU
		{969DD168-9E96-465B-B6F7-4D0ACF697C1C}.Debug|Any CPU.Build.0 = Debug|Any CPU
		{969DD168-9E96-465B-B6F7-4D0ACF697C1C}.Release|Any CPU.ActiveCfg = Release|Any CPU
		{969DD168-9E96-465B-B6F7-4D0ACF697C1C}.Release|Any CPU.Build.0 = Release|Any CPU
		{3B542FA0-8CE6-44A5-A31B-9A09DB2ABD02}.Debug|Any CPU.ActiveCfg = Debug|Any CPU
		{3B542FA0-8CE6-44A5-A31B-9A09DB2ABD02}.Debug|Any CPU.Build.0 = Debug|Any CPU
		{3B542FA0-8CE6-44A5-A31B-9A09DB2ABD02}.Release|Any CPU.ActiveCfg = Release|Any CPU
		{3B542FA0-8CE6-44A5-A31B-9A09DB2ABD02}.Release|Any CPU.Build.0 = Release|Any CPU
		{278B0959-2867-4250-BA7A-FAF52584E881}.Debug|Any CPU.ActiveCfg = Debug|Any CPU
		{278B0959-2867-4250-BA7A-FAF52584E881}.Debug|Any CPU.Build.0 = Debug|Any CPU
		{278B0959-2867-4250-BA7A-FAF52584E881}.Release|Any CPU.ActiveCfg = Release|Any CPU
		{278B0959-2867-4250-BA7A-FAF52584E881}.Release|Any CPU.Build.0 = Release|Any CPU
		{044D204F-7F02-4875-9E64-AEC9408013E1}.Debug|Any CPU.ActiveCfg = Debug|Any CPU
		{044D204F-7F02-4875-9E64-AEC9408013E1}.Debug|Any CPU.Build.0 = Debug|Any CPU
		{044D204F-7F02-4875-9E64-AEC9408013E1}.Release|Any CPU.ActiveCfg = Release|Any CPU
		{044D204F-7F02-4875-9E64-AEC9408013E1}.Release|Any CPU.Build.0 = Release|Any CPU
		{D1551F68-2C81-4AE2-B3EE-AC55E68056A1}.Debug|Any CPU.ActiveCfg = Debug|Any CPU
		{D1551F68-2C81-4AE2-B3EE-AC55E68056A1}.Debug|Any CPU.Build.0 = Debug|Any CPU
		{D1551F68-2C81-4AE2-B3EE-AC55E68056A1}.Release|Any CPU.ActiveCfg = Release|Any CPU
		{D1551F68-2C81-4AE2-B3EE-AC55E68056A1}.Release|Any CPU.Build.0 = Release|Any CPU
		{6C23E1E7-FC0A-4ED8-9F2E-62F093F87C90}.Debug|Any CPU.ActiveCfg = Debug|Any CPU
		{6C23E1E7-FC0A-4ED8-9F2E-62F093F87C90}.Debug|Any CPU.Build.0 = Debug|Any CPU
		{6C23E1E7-FC0A-4ED8-9F2E-62F093F87C90}.Release|Any CPU.ActiveCfg = Release|Any CPU
		{6C23E1E7-FC0A-4ED8-9F2E-62F093F87C90}.Release|Any CPU.Build.0 = Release|Any CPU
		{6889A58E-35EF-40CF-BEDC-1F364E958672}.Debug|Any CPU.ActiveCfg = Debug|Any CPU
		{6889A58E-35EF-40CF-BEDC-1F364E958672}.Debug|Any CPU.Build.0 = Debug|Any CPU
		{6889A58E-35EF-40CF-BEDC-1F364E958672}.Release|Any CPU.ActiveCfg = Release|Any CPU
		{6889A58E-35EF-40CF-BEDC-1F364E958672}.Release|Any CPU.Build.0 = Release|Any CPU
		{209DB726-373E-45A0-ABA7-43D68493E04F}.Debug|Any CPU.ActiveCfg = Debug|Any CPU
		{209DB726-373E-45A0-ABA7-43D68493E04F}.Debug|Any CPU.Build.0 = Debug|Any CPU
		{209DB726-373E-45A0-ABA7-43D68493E04F}.Release|Any CPU.ActiveCfg = Release|Any CPU
		{209DB726-373E-45A0-ABA7-43D68493E04F}.Release|Any CPU.Build.0 = Release|Any CPU
		{CCF5AAD0-AE0C-4B7B-A1FF-3BE8FFCF1273}.Debug|Any CPU.ActiveCfg = Debug|Any CPU
		{CCF5AAD0-AE0C-4B7B-A1FF-3BE8FFCF1273}.Debug|Any CPU.Build.0 = Debug|Any CPU
		{CCF5AAD0-AE0C-4B7B-A1FF-3BE8FFCF1273}.Release|Any CPU.ActiveCfg = Release|Any CPU
		{CCF5AAD0-AE0C-4B7B-A1FF-3BE8FFCF1273}.Release|Any CPU.Build.0 = Release|Any CPU
	EndGlobalSection
	GlobalSection(SolutionProperties) = preSolution
		HideSolutionNode = FALSE
	EndGlobalSection
	GlobalSection(NestedProjects) = preSolution
		{217E1002-9348-48CF-9934-E822AFC042CF} = {8350D0EE-83C4-4A31-A44D-06916AE186D2}
		{97DAFD6E-8D07-49BB-A250-E0049ECD7372} = {41111EA5-8F6B-4E7A-873B-A914BE369438}
		{969DD168-9E96-465B-B6F7-4D0ACF697C1C} = {B756DCF8-46A5-4DC0-ACA0-0E8732DA5E74}
		{3B542FA0-8CE6-44A5-A31B-9A09DB2ABD02} = {F5942558-7152-44F6-B14A-732F2FB4476B}
		{278B0959-2867-4250-BA7A-FAF52584E881} = {41111EA5-8F6B-4E7A-873B-A914BE369438}
		{044D204F-7F02-4875-9E64-AEC9408013E1} = {41111EA5-8F6B-4E7A-873B-A914BE369438}
		{D1551F68-2C81-4AE2-B3EE-AC55E68056A1} = {B756DCF8-46A5-4DC0-ACA0-0E8732DA5E74}
		{6C23E1E7-FC0A-4ED8-9F2E-62F093F87C90} = {0EF9AAE5-9000-4C63-8A80-0A6CA750279D}
		{6889A58E-35EF-40CF-BEDC-1F364E958672} = {145E9528-6FF6-4849-A03B-20BE6377C83A}
		{209DB726-373E-45A0-ABA7-43D68493E04F} = {145E9528-6FF6-4849-A03B-20BE6377C83A}
		{CCF5AAD0-AE0C-4B7B-A1FF-3BE8FFCF1273} = {34277D72-B583-4978-8AF6-34222AE43863}
	EndGlobalSection
EndGlobal
